
Microsoft Visual Studio Solution File, Format Version 12.00
# Visual Studio 15
VisualStudioVersion = 15.0.27130.2010
MinimumVisualStudioVersion = 10.0.40219.1
Project("{FAE04EC0-301F-11D3-BF4B-00C04F79EFBC}") = "Proyecto2-8-CodeFirts", "Proyecto2-8-CodeFirts\Proyecto2-8-CodeFirts.csproj", "{7EF213CA-6101-4057-B91F-6DAC3A0C37D5}"
EndProject
Project("{FAE04EC0-301F-11D3-BF4B-00C04F79EFBC}") = "CodeFirtsModel", "CodeFirtsModel\CodeFirtsModel.csproj", "{DA614C02-1F73-4BFD-8D8F-F0A585B8F265}"
EndProject
Global
	GlobalSection(SolutionConfigurationPlatforms) = preSolution
		Debug|Any CPU = Debug|Any CPU
		Release|Any CPU = Release|Any CPU
	EndGlobalSection
	GlobalSection(ProjectConfigurationPlatforms) = postSolution
		{7EF213CA-6101-4057-B91F-6DAC3A0C37D5}.Debug|Any CPU.ActiveCfg = Debug|Any CPU
		{7EF213CA-6101-4057-B91F-6DAC3A0C37D5}.Debug|Any CPU.Build.0 = Debug|Any CPU
		{7EF213CA-6101-4057-B91F-6DAC3A0C37D5}.Release|Any CPU.ActiveCfg = Release|Any CPU
		{7EF213CA-6101-4057-B91F-6DAC3A0C37D5}.Release|Any CPU.Build.0 = Release|Any CPU
		{DA614C02-1F73-4BFD-8D8F-F0A585B8F265}.Debug|Any CPU.ActiveCfg = Debug|Any CPU
		{DA614C02-1F73-4BFD-8D8F-F0A585B8F265}.Debug|Any CPU.Build.0 = Debug|Any CPU
		{DA614C02-1F73-4BFD-8D8F-F0A585B8F265}.Release|Any CPU.ActiveCfg = Release|Any CPU
		{DA614C02-1F73-4BFD-8D8F-F0A585B8F265}.Release|Any CPU.Build.0 = Release|Any CPU
	EndGlobalSection
	GlobalSection(SolutionProperties) = preSolution
		HideSolutionNode = FALSE
	EndGlobalSection
	GlobalSection(ExtensibilityGlobals) = postSolution
		SolutionGuid = {783E611F-51D7-4DE3-AC95-5CDACF4CD1D4}
	EndGlobalSection
EndGlobal
